
Microsoft Visual Studio Solution File, Format Version 12.00
# Visual Studio Version 17
VisualStudioVersion = 17.11.35312.102
MinimumVisualStudioVersion = 10.0.40219.1
Project("{2150E333-8FDC-42A3-9474-1A3956D46DE8}") = "src", "src", "{41E6189E-4137-4401-8F68-CF0BD1C9AC7F}"
EndProject
Project("{2150E333-8FDC-42A3-9474-1A3956D46DE8}") = "test", "test", "{F0C88097-C043-45DA-9A5E-10E833A48D0F}"
EndProject
Project("{FAE04EC0-301F-11D3-BF4B-00C04F79EFBC}") = "TestProject1", "TestProject1\TestProject1.csproj", "{91998D68-4D8A-4221-A71C-9E51068E07CF}"
EndProject
Project("{FAE04EC0-301F-11D3-BF4B-00C04F79EFBC}") = "UberSystem.Api.Authentication", "UberSystem.Api.Authentication\UberSystem.Api.Authentication.csproj", "{1DC3F79B-BAD5-4BB0-BBB2-34FF05184DED}"
EndProject
Project("{FAE04EC0-301F-11D3-BF4B-00C04F79EFBC}") = "UberSystem.Api.Driver", "UberSystem.Api.Driver\UberSystem.Api.Driver.csproj", "{3B46ED70-A4E4-47BD-B7E2-DED4021D9029}"
EndProject
Project("{FAE04EC0-301F-11D3-BF4B-00C04F79EFBC}") = "UberSystem.Api.Customer", "UberSystem.Api.Customer\UberSystem.Api.Customer.csproj", "{31A86611-DCAE-4E8C-9C11-01A330645CCA}"
EndProject
Project("{FAE04EC0-301F-11D3-BF4B-00C04F79EFBC}") = "UberSystem.Domain", "UberSystem.Domain\UberSystem.Domain.csproj", "{B44529A0-2EFE-4F43-AB12-BBD768DE42A5}"
EndProject
Project("{FAE04EC0-301F-11D3-BF4B-00C04F79EFBC}") = "UberSystem.Infrastructure", "UberSystem.Infrastructure\UberSystem.Infrastructure.csproj", "{D9F229A3-446D-4D86-BF36-B2B14C43C656}"
EndProject
Project("{FAE04EC0-301F-11D3-BF4B-00C04F79EFBC}") = "UberSystem.Service", "UberSystem.Service\UberSystem.Service.csproj", "{AF7F9555-2329-4440-91EB-B6796880D687}"
EndProject
Project("{FAE04EC0-301F-11D3-BF4B-00C04F79EFBC}") = "UberSystem.App", "UberSystem.App\UberSystem.App.csproj", "{D76D81CD-EA40-4F8D-BEAC-046B8F5C15DF}"
EndProject
Project("{FAE04EC0-301F-11D3-BF4B-00C04F79EFBC}") = "UberSystem.OData", "UberSystem.OData\UberSystem.OData.csproj", "{9EC4B6F0-1D5C-4D03-BC09-F50FADB44B1E}"
EndProject
Project("{FAE04EC0-301F-11D3-BF4B-00C04F79EFBC}") = "UberSystem.Dto", "UberSystem.Dto\UberSystem.Dto.csproj", "{7F57ED4B-2B6B-47A7-8B90-811E59719D52}"
EndProject
Global
	GlobalSection(SolutionConfigurationPlatforms) = preSolution
		Debug|Any CPU = Debug|Any CPU
		Release|Any CPU = Release|Any CPU
	EndGlobalSection
	GlobalSection(ProjectConfigurationPlatforms) = postSolution
		{91998D68-4D8A-4221-A71C-9E51068E07CF}.Debug|Any CPU.ActiveCfg = Debug|Any CPU
		{91998D68-4D8A-4221-A71C-9E51068E07CF}.Debug|Any CPU.Build.0 = Debug|Any CPU
		{91998D68-4D8A-4221-A71C-9E51068E07CF}.Release|Any CPU.ActiveCfg = Release|Any CPU
		{91998D68-4D8A-4221-A71C-9E51068E07CF}.Release|Any CPU.Build.0 = Release|Any CPU
		{1DC3F79B-BAD5-4BB0-BBB2-34FF05184DED}.Debug|Any CPU.ActiveCfg = Debug|Any CPU
		{1DC3F79B-BAD5-4BB0-BBB2-34FF05184DED}.Debug|Any CPU.Build.0 = Debug|Any CPU
		{1DC3F79B-BAD5-4BB0-BBB2-34FF05184DED}.Release|Any CPU.ActiveCfg = Release|Any CPU
		{1DC3F79B-BAD5-4BB0-BBB2-34FF05184DED}.Release|Any CPU.Build.0 = Release|Any CPU
		{3B46ED70-A4E4-47BD-B7E2-DED4021D9029}.Debug|Any CPU.ActiveCfg = Debug|Any CPU
		{3B46ED70-A4E4-47BD-B7E2-DED4021D9029}.Debug|Any CPU.Build.0 = Debug|Any CPU
		{3B46ED70-A4E4-47BD-B7E2-DED4021D9029}.Release|Any CPU.ActiveCfg = Release|Any CPU
		{3B46ED70-A4E4-47BD-B7E2-DED4021D9029}.Release|Any CPU.Build.0 = Release|Any CPU
		{31A86611-DCAE-4E8C-9C11-01A330645CCA}.Debug|Any CPU.ActiveCfg = Debug|Any CPU
		{31A86611-DCAE-4E8C-9C11-01A330645CCA}.Debug|Any CPU.Build.0 = Debug|Any CPU
		{31A86611-DCAE-4E8C-9C11-01A330645CCA}.Release|Any CPU.ActiveCfg = Release|Any CPU
		{31A86611-DCAE-4E8C-9C11-01A330645CCA}.Release|Any CPU.Build.0 = Release|Any CPU
		{B44529A0-2EFE-4F43-AB12-BBD768DE42A5}.Debug|Any CPU.ActiveCfg = Debug|Any CPU
		{B44529A0-2EFE-4F43-AB12-BBD768DE42A5}.Debug|Any CPU.Build.0 = Debug|Any CPU
		{B44529A0-2EFE-4F43-AB12-BBD768DE42A5}.Release|Any CPU.ActiveCfg = Release|Any CPU
		{B44529A0-2EFE-4F43-AB12-BBD768DE42A5}.Release|Any CPU.Build.0 = Release|Any CPU
		{D9F229A3-446D-4D86-BF36-B2B14C43C656}.Debug|Any CPU.ActiveCfg = Debug|Any CPU
		{D9F229A3-446D-4D86-BF36-B2B14C43C656}.Debug|Any CPU.Build.0 = Debug|Any CPU
		{D9F229A3-446D-4D86-BF36-B2B14C43C656}.Release|Any CPU.ActiveCfg = Release|Any CPU
		{D9F229A3-446D-4D86-BF36-B2B14C43C656}.Release|Any CPU.Build.0 = Release|Any CPU
		{AF7F9555-2329-4440-91EB-B6796880D687}.Debug|Any CPU.ActiveCfg = Debug|Any CPU
		{AF7F9555-2329-4440-91EB-B6796880D687}.Debug|Any CPU.Build.0 = Debug|Any CPU
		{AF7F9555-2329-4440-91EB-B6796880D687}.Release|Any CPU.ActiveCfg = Release|Any CPU
		{AF7F9555-2329-4440-91EB-B6796880D687}.Release|Any CPU.Build.0 = Release|Any CPU
		{D76D81CD-EA40-4F8D-BEAC-046B8F5C15DF}.Debug|Any CPU.ActiveCfg = Debug|Any CPU
		{D76D81CD-EA40-4F8D-BEAC-046B8F5C15DF}.Debug|Any CPU.Build.0 = Debug|Any CPU
		{D76D81CD-EA40-4F8D-BEAC-046B8F5C15DF}.Release|Any CPU.ActiveCfg = Release|Any CPU
		{D76D81CD-EA40-4F8D-BEAC-046B8F5C15DF}.Release|Any CPU.Build.0 = Release|Any CPU
		{9EC4B6F0-1D5C-4D03-BC09-F50FADB44B1E}.Debug|Any CPU.ActiveCfg = Debug|Any CPU
		{9EC4B6F0-1D5C-4D03-BC09-F50FADB44B1E}.Debug|Any CPU.Build.0 = Debug|Any CPU
		{9EC4B6F0-1D5C-4D03-BC09-F50FADB44B1E}.Release|Any CPU.ActiveCfg = Release|Any CPU
		{9EC4B6F0-1D5C-4D03-BC09-F50FADB44B1E}.Release|Any CPU.Build.0 = Release|Any CPU
		{7F57ED4B-2B6B-47A7-8B90-811E59719D52}.Debug|Any CPU.ActiveCfg = Debug|Any CPU
		{7F57ED4B-2B6B-47A7-8B90-811E59719D52}.Debug|Any CPU.Build.0 = Debug|Any CPU
		{7F57ED4B-2B6B-47A7-8B90-811E59719D52}.Release|Any CPU.ActiveCfg = Release|Any CPU
		{7F57ED4B-2B6B-47A7-8B90-811E59719D52}.Release|Any CPU.Build.0 = Release|Any CPU
	EndGlobalSection
	GlobalSection(SolutionProperties) = preSolution
		HideSolutionNode = FALSE
	EndGlobalSection
	GlobalSection(NestedProjects) = preSolution
		{91998D68-4D8A-4221-A71C-9E51068E07CF} = {F0C88097-C043-45DA-9A5E-10E833A48D0F}
		{1DC3F79B-BAD5-4BB0-BBB2-34FF05184DED} = {41E6189E-4137-4401-8F68-CF0BD1C9AC7F}
		{3B46ED70-A4E4-47BD-B7E2-DED4021D9029} = {41E6189E-4137-4401-8F68-CF0BD1C9AC7F}
		{31A86611-DCAE-4E8C-9C11-01A330645CCA} = {41E6189E-4137-4401-8F68-CF0BD1C9AC7F}
		{B44529A0-2EFE-4F43-AB12-BBD768DE42A5} = {41E6189E-4137-4401-8F68-CF0BD1C9AC7F}
		{D9F229A3-446D-4D86-BF36-B2B14C43C656} = {41E6189E-4137-4401-8F68-CF0BD1C9AC7F}
		{AF7F9555-2329-4440-91EB-B6796880D687} = {41E6189E-4137-4401-8F68-CF0BD1C9AC7F}
		{D76D81CD-EA40-4F8D-BEAC-046B8F5C15DF} = {41E6189E-4137-4401-8F68-CF0BD1C9AC7F}
		{9EC4B6F0-1D5C-4D03-BC09-F50FADB44B1E} = {41E6189E-4137-4401-8F68-CF0BD1C9AC7F}
		{7F57ED4B-2B6B-47A7-8B90-811E59719D52} = {41E6189E-4137-4401-8F68-CF0BD1C9AC7F}
	EndGlobalSection
	GlobalSection(ExtensibilityGlobals) = postSolution
		SolutionGuid = {740776F4-1FCC-4834-84CD-140692D9EB1D}
	EndGlobalSection
EndGlobal
